<?xml version="1.0" encoding="utf-8"?>
<Project ToolsVersion="4.0" xmlns="http://schemas.microsoft.com/developer/msbuild/2003">
  <ItemGroup>
    <Filter Include="Source Files">
      <UniqueIdentifier>{4FC737F1-C7A5-4376-A066-2A32D752A2FF}</UniqueIdentifier>
      <Extensions>cpp;c;cc;cxx;c++;cppm;ixx;def;odl;idl;hpj;bat;asm;asmx</Extensions>
    </Filter>
    <Filter Include="Header Files">
      <UniqueIdentifier>{93995380-89BD-4b04-88EB-625FBE52EBFB}</UniqueIdentifier>
      <Extensions>h;hh;hpp;hxx;h++;hm;inl;inc;ipp;xsd</Extensions>
    </Filter>
    <Filter Include="Resource Files">
      <UniqueIdentifier>{67DA6AB6-F800-4c08-8B7A-83BB121AAD01}</UniqueIdentifier>
      <Extensions>rc;ico;cur;bmp;dlg;rc2;rct;bin;rgs;gif;jpg;jpeg;jpe;resx;tiff;tif;png;wav;mfcribbon-ms</Extensions>
    </Filter>
  </ItemGroup>
  <ItemGroup>
    <ClCompile Include="avx.cpp">
      <Filter>Source Files</Filter>
    </ClCompile>
    <ClCompile Include="CLexIndex.cpp">
      <Filter>Source Files</Filter>
    </ClCompile>
    <ClCompile Include="fivebitencoding.cpp">
      <Filter>Source Files</Filter>
    </ClCompile>
    <ClCompile Include="XVMem.cpp">
      <Filter>Source Files</Filter>
    </ClCompile>
    <ClCompile Include="XVMem_unix.cpp">
      <Filter>Source Files</Filter>
    </ClCompile>
    <ClCompile Include="XVMem_windows.cpp">
      <Filter>Source Files</Filter>
    </ClCompile>
    <ClCompile Include="AVLCLR.cpp">
      <Filter>Source Files</Filter>
    </ClCompile>
    <ClCompile Include="XBitArray.cpp">
      <Filter>Source Files</Filter>
    </ClCompile>
    <ClCompile Include="BookChapterVerse.cpp">
      <Filter>Source Files</Filter>
    </ClCompile>
    <ClCompile Include="AVXSearchResult.cpp">
      <Filter>Source Files</Filter>
    </ClCompile>
  </ItemGroup>
  <ItemGroup>
    <ClInclude Include="avx.h">
      <Filter>Header Files</Filter>
    </ClInclude>
    <ClInclude Include="AVXTest.h">
      <Filter>Header Files</Filter>
    </ClInclude>
    <ClInclude Include="fivebitencoding.h">
      <Filter>Header Files</Filter>
    </ClInclude>
    <ClInclude Include="SearchControls.h">
      <Filter>Header Files</Filter>
    </ClInclude>
    <ClInclude Include="XVMem.h">
      <Filter>Header Files</Filter>
    </ClInclude>
    <ClInclude Include="XVMem_platform.h">
      <Filter>Header Files</Filter>
    </ClInclude>
    <ClInclude Include="XVMem_unix.h">
      <Filter>Header Files</Filter>
    </ClInclude>
    <ClInclude Include="XVMem_windows.h">
      <Filter>Header Files</Filter>
    </ClInclude>
    <ClInclude Include="AVLCLR.h">
      <Filter>Header Files</Filter>
    </ClInclude>
    <ClInclude Include="XBitArray.h">
      <Filter>Header Files</Filter>
    </ClInclude>
    <ClInclude Include="BookChapterVerse.h">
      <Filter>Header Files</Filter>
    </ClInclude>
    <ClInclude Include="AVXSearchResult.h">
      <Filter>Header Files</Filter>
    </ClInclude>
    <ClInclude Include="CLexIndex.h">
      <Filter>Header Files</Filter>
    </ClInclude>
  </ItemGroup>
</Project>